
Microsoft Visual Studio Solution File, Format Version 12.00
# Visual Studio Version 17
VisualStudioVersion = 17.7.34031.279
MinimumVisualStudioVersion = 10.0.40219.1
Project("{FAE04EC0-301F-11D3-BF4B-00C04F79EFBC}") = "NBA.Net", "NBA.Net\NBA.Net.csproj", "{F026EDD4-003E-4CBD-821D-2D5FCF281987}"
EndProject
Global
	GlobalSection(SolutionConfigurationPlatforms) = preSolution
		Debug|Any CPU = Debug|Any CPU
		Release|Any CPU = Release|Any CPU
	EndGlobalSection
	GlobalSection(ProjectConfigurationPlatforms) = postSolution
		{F026EDD4-003E-4CBD-821D-2D5FCF281987}.Debug|Any CPU.ActiveCfg = Debug|Any CPU
		{F026EDD4-003E-4CBD-821D-2D5FCF281987}.Debug|Any CPU.Build.0 = Debug|Any CPU
		{F026EDD4-003E-4CBD-821D-2D5FCF281987}.Release|Any CPU.ActiveCfg = Release|Any CPU
		{F026EDD4-003E-4CBD-821D-2D5FCF281987}.Release|Any CPU.Build.0 = Release|Any CPU
	EndGlobalSection
	GlobalSection(SolutionProperties) = preSolution
		HideSolutionNode = FALSE
	EndGlobalSection
	GlobalSection(ExtensibilityGlobals) = postSolution
		SolutionGuid = {C6A3A6D7-9756-449D-A329-A0D85FFF12B5}
	EndGlobalSection
EndGlobal
